
Microsoft Visual Studio Solution File, Format Version 12.00
# Visual Studio Version 16
VisualStudioVersion = 16.0.32407.337
MinimumVisualStudioVersion = 10.0.40219.1
Project("{FAE04EC0-301F-11D3-BF4B-00C04F79EFBC}") = "SampleFunctionApp", "SampleFunctionApp.csproj", "{95AFAC33-22CF-4F70-997B-BB23F98CBB15}"
EndProject
Global
	GlobalSection(SolutionConfigurationPlatforms) = preSolution
		Debug|Any CPU = Debug|Any CPU
		Release|Any CPU = Release|Any CPU
	EndGlobalSection
	GlobalSection(ProjectConfigurationPlatforms) = postSolution
		{95AFAC33-22CF-4F70-997B-BB23F98CBB15}.Debug|Any CPU.ActiveCfg = Debug|Any CPU
		{95AFAC33-22CF-4F70-997B-BB23F98CBB15}.Debug|Any CPU.Build.0 = Debug|Any CPU
		{95AFAC33-22CF-4F70-997B-BB23F98CBB15}.Release|Any CPU.ActiveCfg = Release|Any CPU
		{95AFAC33-22CF-4F70-997B-BB23F98CBB15}.Release|Any CPU.Build.0 = Release|Any CPU
	EndGlobalSection
	GlobalSection(SolutionProperties) = preSolution
		HideSolutionNode = FALSE
	EndGlobalSection
	GlobalSection(ExtensibilityGlobals) = postSolution
		SolutionGuid = {4C1CBCD7-93A3-49EC-8F21-C56FD3FC9728}
	EndGlobalSection
EndGlobal
